
Microsoft Visual Studio Solution File, Format Version 12.00
# Visual Studio Version 16
VisualStudioVersion = 16.0.30611.23
MinimumVisualStudioVersion = 10.0.40219.1
Project("{FAE04EC0-301F-11D3-BF4B-00C04F79EFBC}") = "LinqStudy", "LinqStudy\LinqStudy.csproj", "{7F16AA4F-9842-46B2-BBEF-563A3D491370}"
EndProject
Global
	GlobalSection(SolutionConfigurationPlatforms) = preSolution
		Debug|Any CPU = Debug|Any CPU
		Release|Any CPU = Release|Any CPU
	EndGlobalSection
	GlobalSection(ProjectConfigurationPlatforms) = postSolution
		{7F16AA4F-9842-46B2-BBEF-563A3D491370}.Debug|Any CPU.ActiveCfg = Debug|Any CPU
		{7F16AA4F-9842-46B2-BBEF-563A3D491370}.Debug|Any CPU.Build.0 = Debug|Any CPU
		{7F16AA4F-9842-46B2-BBEF-563A3D491370}.Release|Any CPU.ActiveCfg = Release|Any CPU
		{7F16AA4F-9842-46B2-BBEF-563A3D491370}.Release|Any CPU.Build.0 = Release|Any CPU
	EndGlobalSection
	GlobalSection(SolutionProperties) = preSolution
		HideSolutionNode = FALSE
	EndGlobalSection
	GlobalSection(ExtensibilityGlobals) = postSolution
		SolutionGuid = {518FEB07-62E6-49FD-9D04-F87A9A02D43A}
	EndGlobalSection
EndGlobal
